
Microsoft Visual Studio Solution File, Format Version 12.00
# Visual Studio Version 17
VisualStudioVersion = 17.5.002.0
MinimumVisualStudioVersion = 10.0.40219.1
Project("{9A19103F-16F7-4668-BE54-9A1E7A4F7556}") = "EcommerceMVC", "EcommerceMVC.csproj", "{CC48725E-41C7-4254-8534-74B1115FE437}"
EndProject
Global
	GlobalSection(SolutionConfigurationPlatforms) = preSolution
		Debug|Any CPU = Debug|Any CPU
		Release|Any CPU = Release|Any CPU
	EndGlobalSection
	GlobalSection(ProjectConfigurationPlatforms) = postSolution
		{CC48725E-41C7-4254-8534-74B1115FE437}.Debug|Any CPU.ActiveCfg = Debug|Any CPU
		{CC48725E-41C7-4254-8534-74B1115FE437}.Debug|Any CPU.Build.0 = Debug|Any CPU
		{CC48725E-41C7-4254-8534-74B1115FE437}.Release|Any CPU.ActiveCfg = Release|Any CPU
		{CC48725E-41C7-4254-8534-74B1115FE437}.Release|Any CPU.Build.0 = Release|Any CPU
	EndGlobalSection
	GlobalSection(SolutionProperties) = preSolution
		HideSolutionNode = FALSE
	EndGlobalSection
	GlobalSection(ExtensibilityGlobals) = postSolution
		SolutionGuid = {5E02CF52-C555-473F-96CD-924F81EA59E4}
	EndGlobalSection
EndGlobal
